{
  "requires": true,
  "lockfileVersion": 1,
  "dependencies": {
    "devicon": {
      "version": "2.10.1",
      "resolved": "https://registry.npmjs.org/devicon/-/devicon-2.10.1.tgz",
      "integrity": "sha512-9W2Vy8BVN+MWLvrMKPtL0EgEMiYDx5gu69/HFuXiEe+tm0QhGzx7rWKlakH8RWHtQ4tzK7+AUFs9OkKko+wh3w=="
    },
    "typed.js": {
      "version": "2.0.11",
      "resolved": "https://registry.npmjs.org/typed.js/-/typed.js-2.0.11.tgz",
      "integrity": "sha512-1ZORHalEyLob34q738mqmwp0pT6syMigB1SZuTItqdhovWBKFIt7I5uVALXAGQZCg2MCtihCt6uqkoqPJK+9iQ=="
    }
  }
}
